{
  "lockfile_version": "1",
  "packages": {
    "bat@latest": {
      "last_modified": "2026-01-23T17:20:52Z",
      "resolved": "github:NixOS/nixpkgs/a1bab9e494f5f4939442a57a58d0449a109593fe#bat",
      "source": "devbox-search",
      "version": "0.26.1",
      "systems": {
        "aarch64-darwin": {
          "outputs": [
            {
              "name": "out",
              "path": "/nix/store/v84wyhzywd3b0q0ahli6aanm9zxfxncm-bat-0.26.1",
              "default": true
            }
          ],
          "store_path": "/nix/store/v84wyhzywd3b0q0ahli6aanm9zxfxncm-bat-0.26.1"
        },
        "aarch64-linux": {
          "outputs": [
            {
              "name": "out",
              "path": "/nix/store/vqsbq46rv3rm37fj7ri80q8fsy8hd3li-bat-0.26.1",
              "default": true
            }
          ],
          "store_path": "/nix/store/vqsbq46rv3rm37fj7ri80q8fsy8hd3li-bat-0.26.1"
        },
        "x86_64-darwin": {
          "outputs": [
            {
              "name": "out",
              "path": "/nix/store/yh82pk7n4blqlr8838f1y7cnj7ka0x08-bat-0.26.1",
              "default": true
            }
          ],
          "store_path": "/nix/store/yh82pk7n4blqlr8838f1y7cnj7ka0x08-bat-0.26.1"
        },
        "x86_64-linux": {
          "outputs": [
            {
              "name": "out",
              "path": "/nix/store/fz2gayy3kwjyzp66a3cxl826fqbzd5xz-bat-0.26.1",
              "default": true
            }
          ],
          "store_path": "/nix/store/fz2gayy3kwjyzp66a3cxl826fqbzd5xz-bat-0.26.1"
        }
      }
    },
    "clang@latest": {
      "last_modified": "2025-12-31T03:27:36Z",
      "resolved": "github:NixOS/nixpkgs/f665af0cdb70ed27e1bd8f9fdfecaf451260fc55#clang",
      "source": "devbox-search",
      "version": "21.1.7",
      "systems": {
        "aarch64-darwin": {
          "outputs": [
            {
              "name": "out",
              "path": "/nix/store/8yy15sk3826gb00zp44xxrm8by9i3ia0-clang-wrapper-21.1.7",
              "default": true
            }
          ],
          "store_path": "/nix/store/8yy15sk3826gb00zp44xxrm8by9i3ia0-clang-wrapper-21.1.7"
        },
        "aarch64-linux": {
          "outputs": [
            {
              "name": "out",
              "path": "/nix/store/67bh1hcbybzj6jj0qxnrsyvl81rjwmhi-clang-wrapper-21.1.7",
              "default": true
            }
          ],
          "store_path": "/nix/store/67bh1hcbybzj6jj0qxnrsyvl81rjwmhi-clang-wrapper-21.1.7"
        },
        "x86_64-darwin": {
          "outputs": [
            {
              "name": "out",
              "path": "/nix/store/2di6h0ns24lld4knilkxxrgpnk18jyy8-clang-wrapper-21.1.7",
              "default": true
            }
          ],
          "store_path": "/nix/store/2di6h0ns24lld4knilkxxrgpnk18jyy8-clang-wrapper-21.1.7"
        },
        "x86_64-linux": {
          "outputs": [
            {
              "name": "out",
              "path": "/nix/store/351bpjcf2l1n4vm06nwpq3cdhl6vbhx1-clang-wrapper-21.1.7",
              "default": true
            }
          ],
          "store_path": "/nix/store/351bpjcf2l1n4vm06nwpq3cdhl6vbhx1-clang-wrapper-21.1.7"
        }
      }
    },
    "fastfetch@latest": {
      "last_modified": "2026-01-16T13:18:18Z",
      "resolved": "github:NixOS/nixpkgs/be5afa0fcb31f0a96bf9ecba05a516c66fcd8114#fastfetch",
      "source": "devbox-search",
      "version": "2.57.1",
      "systems": {
        "aarch64-darwin": {
          "outputs": [
            {
              "name": "out",
              "path": "/nix/store/a3n84w3gwv6b2k6975ysc3wq0wz6mr9x-fastfetch-2.57.1",
              "default": true
            },
            {
              "name": "man",
              "path": "/nix/store/57cgywyll6kk8qzws635mklma7bv0klm-fastfetch-2.57.1-man",
              "default": true
            }
          ],
          "store_path": "/nix/store/a3n84w3gwv6b2k6975ysc3wq0wz6mr9x-fastfetch-2.57.1"
        },
        "aarch64-linux": {
          "outputs": [
            {
              "name": "out",
              "path": "/nix/store/xm7ilsnq4h7csj40jiipgzajwdnxk7f9-fastfetch-2.57.1",
              "default": true
            },
            {
              "name": "man",
              "path": "/nix/store/95svmp6da9xf5dvin0jp9xwvma3l922r-fastfetch-2.57.1-man",
              "default": true
            }
          ],
          "store_path": "/nix/store/xm7ilsnq4h7csj40jiipgzajwdnxk7f9-fastfetch-2.57.1"
        },
        "x86_64-darwin": {
          "outputs": [
            {
              "name": "out",
              "path": "/nix/store/dfqhmylgi48zlb65s2fxgh4838rajdsh-fastfetch-2.57.1",
              "default": true
            },
            {
              "name": "man",
              "path": "/nix/store/8f5bpaq1x54bp54hfcrzrn8nm03vi8r8-fastfetch-2.57.1-man",
              "default": true
            }
          ],
          "store_path": "/nix/store/dfqhmylgi48zlb65s2fxgh4838rajdsh-fastfetch-2.57.1"
        },
        "x86_64-linux": {
          "outputs": [
            {
              "name": "out",
              "path": "/nix/store/w23pdkpc94fik7f964l6dnmc589c6ys8-fastfetch-2.57.1",
              "default": true
            },
            {
              "name": "man",
              "path": "/nix/store/g6yhw5jk9f7b538mscc41ip7vhcfmvpd-fastfetch-2.57.1-man",
              "default": true
            }
          ],
          "store_path": "/nix/store/w23pdkpc94fik7f964l6dnmc589c6ys8-fastfetch-2.57.1"
        }
      }
    },
    "fd@latest": {
      "last_modified": "2025-12-31T03:27:36Z",
      "resolved": "github:NixOS/nixpkgs/f665af0cdb70ed27e1bd8f9fdfecaf451260fc55#fd",
      "source": "devbox-search",
      "version": "10.3.0",
      "systems": {
        "aarch64-darwin": {
          "outputs": [
            {
              "name": "out",
              "path": "/nix/store/zc0027xm116rwk8xd4hxs24zx4kn6lqz-fd-10.3.0",
              "default": true
            }
          ],
          "store_path": "/nix/store/zc0027xm116rwk8xd4hxs24zx4kn6lqz-fd-10.3.0"
        },
        "aarch64-linux": {
          "outputs": [
            {
              "name": "out",
              "path": "/nix/store/x024qmfmn7y8ibv4slq777gxsiprgzia-fd-10.3.0",
              "default": true
            }
          ],
          "store_path": "/nix/store/x024qmfmn7y8ibv4slq777gxsiprgzia-fd-10.3.0"
        },
        "x86_64-darwin": {
          "outputs": [
            {
              "name": "out",
              "path": "/nix/store/33ync5218kn35vxl4lkmwiyy8gnrqhyx-fd-10.3.0",
              "default": true
            }
          ],
          "store_path": "/nix/store/33ync5218kn35vxl4lkmwiyy8gnrqhyx-fd-10.3.0"
        },
        "x86_64-linux": {
          "outputs": [
            {
              "name": "out",
              "path": "/nix/store/qb9d3fma2z9xgf57bj44ygxak6s1bvw9-fd-10.3.0",
              "default": true
            }
          ],
          "store_path": "/nix/store/qb9d3fma2z9xgf57bj44ygxak6s1bvw9-fd-10.3.0"
        }
      }
    },
    "fzf@latest": {
      "last_modified": "2025-12-31T03:27:36Z",
      "resolved": "github:NixOS/nixpkgs/f665af0cdb70ed27e1bd8f9fdfecaf451260fc55#fzf",
      "source": "devbox-search",
      "version": "0.67.0",
      "systems": {
        "aarch64-darwin": {
          "outputs": [
            {
              "name": "out",
              "path": "/nix/store/2qzpswmq7v8zdq12cbh65r156c77fr1h-fzf-0.67.0",
              "default": true
            },
            {
              "name": "man",
              "path": "/nix/store/jlkbrm0pg71aianml6dszih5ab29hv44-fzf-0.67.0-man",
              "default": true
            }
          ],
          "store_path": "/nix/store/2qzpswmq7v8zdq12cbh65r156c77fr1h-fzf-0.67.0"
        },
        "aarch64-linux": {
          "outputs": [
            {
              "name": "out",
              "path": "/nix/store/3n5pb67fnmagqz47slzxyhvk2dl4x2di-fzf-0.67.0",
              "default": true
            },
            {
              "name": "man",
              "path": "/nix/store/0adh9s8yff51dbsmz2am915gxjzvfbbx-fzf-0.67.0-man",
              "default": true
            }
          ],
          "store_path": "/nix/store/3n5pb67fnmagqz47slzxyhvk2dl4x2di-fzf-0.67.0"
        },
        "x86_64-darwin": {
          "outputs": [
            {
              "name": "out",
              "path": "/nix/store/zh7bq0z62yj2y7i8i7r6v1p8xdqiawxm-fzf-0.67.0",
              "default": true
            },
            {
              "name": "man",
              "path": "/nix/store/y5nznx4gs09sklfj9bczcyba9xm6hh1p-fzf-0.67.0-man",
              "default": true
            }
          ],
          "store_path": "/nix/store/zh7bq0z62yj2y7i8i7r6v1p8xdqiawxm-fzf-0.67.0"
        },
        "x86_64-linux": {
          "outputs": [
            {
              "name": "out",
              "path": "/nix/store/9fa7g1ykblq2xa6hh82nz8yl4p90x0sh-fzf-0.67.0",
              "default": true
            },
            {
              "name": "man",
              "path": "/nix/store/71f3kmdyzgjj9sa2h12h9mfs2akb4c4q-fzf-0.67.0-man",
              "default": true
            }
          ],
          "store_path": "/nix/store/9fa7g1ykblq2xa6hh82nz8yl4p90x0sh-fzf-0.67.0"
        }
      }
    },
    "github:NixOS/nixpkgs/nixpkgs-unstable": {
      "last_modified": "2026-01-20T02:11:35Z",
      "resolved": "github:NixOS/nixpkgs/ed142ab1b3a092c4d149245d0c4126a5d7ea00b0?lastModified=1768875095"
    },
    "lazygit@latest": {
      "last_modified": "2026-01-13T11:13:53Z",
      "resolved": "github:NixOS/nixpkgs/61db79b0c6b838d9894923920b612048e1201926#lazygit",
      "source": "devbox-search",
      "version": "0.58.1",
      "systems": {
        "aarch64-darwin": {
          "outputs": [
            {
              "name": "out",
              "path": "/nix/store/x63sz0pba0gm8asqcy19ygncagj7kqyw-lazygit-0.58.1",
              "default": true
            }
          ],
          "store_path": "/nix/store/x63sz0pba0gm8asqcy19ygncagj7kqyw-lazygit-0.58.1"
        },
        "aarch64-linux": {
          "outputs": [
            {
              "name": "out",
              "path": "/nix/store/345709g0m9chpf06wglp0d3b6dhddc94-lazygit-0.58.1",
              "default": true
            }
          ],
          "store_path": "/nix/store/345709g0m9chpf06wglp0d3b6dhddc94-lazygit-0.58.1"
        },
        "x86_64-darwin": {
          "outputs": [
            {
              "name": "out",
              "path": "/nix/store/wqh8g1j0332sn9da55z3l7353c3l1w4v-lazygit-0.58.1",
              "default": true
            }
          ],
          "store_path": "/nix/store/wqh8g1j0332sn9da55z3l7353c3l1w4v-lazygit-0.58.1"
        },
        "x86_64-linux": {
          "outputs": [
            {
              "name": "out",
              "path": "/nix/store/lbcvi1g1qccd97sf2rz5b1zybhr222ml-lazygit-0.58.1",
              "default": true
            }
          ],
          "store_path": "/nix/store/lbcvi1g1qccd97sf2rz5b1zybhr222ml-lazygit-0.58.1"
        }
      }
    },
    "neovim@latest": {
      "last_modified": "2025-12-31T03:27:36Z",
      "resolved": "github:NixOS/nixpkgs/f665af0cdb70ed27e1bd8f9fdfecaf451260fc55#neovim",
      "source": "devbox-search",
      "version": "0.11.5",
      "systems": {
        "aarch64-darwin": {
          "outputs": [
            {
              "name": "out",
              "path": "/nix/store/wsr62a5zc7a8wchq1zs1y1y4irs5cd36-neovim-0.11.5",
              "default": true
            }
          ],
          "store_path": "/nix/store/wsr62a5zc7a8wchq1zs1y1y4irs5cd36-neovim-0.11.5"
        },
        "aarch64-linux": {
          "outputs": [
            {
              "name": "out",
              "path": "/nix/store/cx0pndc8af0rr66bl5k921zk7291ngmn-neovim-0.11.5",
              "default": true
            }
          ],
          "store_path": "/nix/store/cx0pndc8af0rr66bl5k921zk7291ngmn-neovim-0.11.5"
        },
        "x86_64-darwin": {
          "outputs": [
            {
              "name": "out",
              "path": "/nix/store/b1j5zvji8x8vygl7hc9lxdb01fv0cw46-neovim-0.11.5",
              "default": true
            }
          ],
          "store_path": "/nix/store/b1j5zvji8x8vygl7hc9lxdb01fv0cw46-neovim-0.11.5"
        },
        "x86_64-linux": {
          "outputs": [
            {
              "name": "out",
              "path": "/nix/store/qbyjl2a5m76h0vjkv47ckdz84ck7cjc0-neovim-0.11.5",
              "default": true
            }
          ],
          "store_path": "/nix/store/qbyjl2a5m76h0vjkv47ckdz84ck7cjc0-neovim-0.11.5"
        }
      }
    },
    "nodejs@latest": {
      "last_modified": "2026-01-20T02:11:35Z",
      "plugin_version": "0.0.2",
      "resolved": "github:NixOS/nixpkgs/ed142ab1b3a092c4d149245d0c4126a5d7ea00b0#nodejs_25",
      "source": "devbox-search",
      "version": "25.4.0",
      "systems": {
        "aarch64-darwin": {
          "outputs": [
            {
              "name": "out",
              "path": "/nix/store/65fya9i64rgmv86x4y0qjc3bjvn2zic8-nodejs-25.4.0",
              "default": true
            },
            {
              "name": "dev",
              "path": "/nix/store/p0xi38maar6ax3mplb9813bpc803xi8s-nodejs-25.4.0-dev"
            },
            {
              "name": "libv8",
              "path": "/nix/store/4q22l64ydnw94byvaw13qy4fnq5mb53r-nodejs-25.4.0-libv8"
            }
          ],
          "store_path": "/nix/store/65fya9i64rgmv86x4y0qjc3bjvn2zic8-nodejs-25.4.0"
        },
        "aarch64-linux": {
          "outputs": [
            {
              "name": "out",
              "path": "/nix/store/0js09lvaz0jw4yanfbp5cbm92jws5yfm-nodejs-25.4.0",
              "default": true
            },
            {
              "name": "dev",
              "path": "/nix/store/fiv5f7ggpj9ylyz763w9slnkng0fb1k1-nodejs-25.4.0-dev"
            },
            {
              "name": "libv8",
              "path": "/nix/store/rb012s3myjjlkq4wbfdzc75xmsi67vm1-nodejs-25.4.0-libv8"
            }
          ],
          "store_path": "/nix/store/0js09lvaz0jw4yanfbp5cbm92jws5yfm-nodejs-25.4.0"
        },
        "x86_64-darwin": {
          "outputs": [
            {
              "name": "out",
              "path": "/nix/store/a3lfsvjyk2kl4bqsy1s9rax3cfvwkisy-nodejs-25.4.0",
              "default": true
            },
            {
              "name": "dev",
              "path": "/nix/store/12pgcsaaw3ssamq3y329b698f64yrjkz-nodejs-25.4.0-dev"
            },
            {
              "name": "libv8",
              "path": "/nix/store/71xjj7wcmm4dg4m04a0wnn0x7wc1rgv7-nodejs-25.4.0-libv8"
            }
          ],
          "store_path": "/nix/store/a3lfsvjyk2kl4bqsy1s9rax3cfvwkisy-nodejs-25.4.0"
        },
        "x86_64-linux": {
          "outputs": [
            {
              "name": "out",
              "path": "/nix/store/56a910991scilbhn9vf6xfxz3dva5cwd-nodejs-25.4.0",
              "default": true
            },
            {
              "name": "dev",
              "path": "/nix/store/mjxl360h6r08d92xr8i435c0p2z3bl8a-nodejs-25.4.0-dev"
            },
            {
              "name": "libv8",
              "path": "/nix/store/8h5kw2ark2k4pm30rs9gidpcvgn10d6b-nodejs-25.4.0-libv8"
            }
          ],
          "store_path": "/nix/store/56a910991scilbhn9vf6xfxz3dva5cwd-nodejs-25.4.0"
        }
      }
    },
    "ripgrep@latest": {
      "last_modified": "2025-12-31T03:27:36Z",
      "resolved": "github:NixOS/nixpkgs/f665af0cdb70ed27e1bd8f9fdfecaf451260fc55#ripgrep",
      "source": "devbox-search",
      "version": "15.1.0",
      "systems": {
        "aarch64-darwin": {
          "outputs": [
            {
              "name": "out",
              "path": "/nix/store/zydgmksf6gf4q95k43qym4nzf0w4881a-ripgrep-15.1.0",
              "default": true
            }
          ],
          "store_path": "/nix/store/zydgmksf6gf4q95k43qym4nzf0w4881a-ripgrep-15.1.0"
        },
        "aarch64-linux": {
          "outputs": [
            {
              "name": "out",
              "path": "/nix/store/v11qbp8lrfmxjp22lf1xmqrv5m35fapn-ripgrep-15.1.0",
              "default": true
            }
          ],
          "store_path": "/nix/store/v11qbp8lrfmxjp22lf1xmqrv5m35fapn-ripgrep-15.1.0"
        },
        "x86_64-darwin": {
          "outputs": [
            {
              "name": "out",
              "path": "/nix/store/xm3m0plyc4wyk1i2wibbzvdsi6mbh4rz-ripgrep-15.1.0",
              "default": true
            }
          ],
          "store_path": "/nix/store/xm3m0plyc4wyk1i2wibbzvdsi6mbh4rz-ripgrep-15.1.0"
        },
        "x86_64-linux": {
          "outputs": [
            {
              "name": "out",
              "path": "/nix/store/0qh46n4bqwci1dli1bjqkavvzmdw87x3-ripgrep-15.1.0",
              "default": true
            }
          ],
          "store_path": "/nix/store/0qh46n4bqwci1dli1bjqkavvzmdw87x3-ripgrep-15.1.0"
        }
      }
    },
    "timewarrior@latest": {
      "last_modified": "2026-01-23T17:20:52Z",
      "resolved": "github:NixOS/nixpkgs/a1bab9e494f5f4939442a57a58d0449a109593fe#timewarrior",
      "source": "devbox-search",
      "version": "1.9.1",
      "systems": {
        "aarch64-darwin": {
          "outputs": [
            {
              "name": "out",
              "path": "/nix/store/jlz4lwf1cjdhi81gshczrv9b34qwg2r9-timewarrior-1.9.1",
              "default": true
            }
          ],
          "store_path": "/nix/store/jlz4lwf1cjdhi81gshczrv9b34qwg2r9-timewarrior-1.9.1"
        },
        "aarch64-linux": {
          "outputs": [
            {
              "name": "out",
              "path": "/nix/store/qnmmi8xcgfa301rdxs6rvrvprqridjl7-timewarrior-1.9.1",
              "default": true
            }
          ],
          "store_path": "/nix/store/qnmmi8xcgfa301rdxs6rvrvprqridjl7-timewarrior-1.9.1"
        },
        "x86_64-darwin": {
          "outputs": [
            {
              "name": "out",
              "path": "/nix/store/j5xp521q88dg2x00m28rmb8zbx9s1f48-timewarrior-1.9.1",
              "default": true
            }
          ],
          "store_path": "/nix/store/j5xp521q88dg2x00m28rmb8zbx9s1f48-timewarrior-1.9.1"
        },
        "x86_64-linux": {
          "outputs": [
            {
              "name": "out",
              "path": "/nix/store/9vaq6rmmdbydz70krvj5rdlj837rr7zw-timewarrior-1.9.1",
              "default": true
            }
          ],
          "store_path": "/nix/store/9vaq6rmmdbydz70krvj5rdlj837rr7zw-timewarrior-1.9.1"
        }
      }
    },
    "tmux@latest": {
      "last_modified": "2025-11-26T14:39:26Z",
      "resolved": "github:NixOS/nixpkgs/5c46f3bd98147c8d82366df95bbef2cab3a967ea#tmux",
      "source": "devbox-search",
      "version": "3.6",
      "systems": {
        "aarch64-darwin": {
          "outputs": [
            {
              "name": "out",
              "path": "/nix/store/8cc44893xix9xknp1phzi5jg8g0pghii-tmux-3.6",
              "default": true
            },
            {
              "name": "man",
              "path": "/nix/store/08iih7zrw7yybahxla1f3vf1qhygiwzb-tmux-3.6-man",
              "default": true
            }
          ],
          "store_path": "/nix/store/8cc44893xix9xknp1phzi5jg8g0pghii-tmux-3.6"
        },
        "aarch64-linux": {
          "outputs": [
            {
              "name": "out",
              "path": "/nix/store/nipnplpp8s2kxrym46ziwm286ac9smxk-tmux-3.6",
              "default": true
            },
            {
              "name": "man",
              "path": "/nix/store/h0mw9jvd11ykb63rxvjwg03yxpmwcrsk-tmux-3.6-man",
              "default": true
            }
          ],
          "store_path": "/nix/store/nipnplpp8s2kxrym46ziwm286ac9smxk-tmux-3.6"
        },
        "x86_64-darwin": {
          "outputs": [
            {
              "name": "out",
              "path": "/nix/store/r9as91zw6j6ly5wy67w7ksy56y4fa6m0-tmux-3.6",
              "default": true
            },
            {
              "name": "man",
              "path": "/nix/store/x91dqpy96jnjv7prrg1x65lzhlp8h7px-tmux-3.6-man",
              "default": true
            }
          ],
          "store_path": "/nix/store/r9as91zw6j6ly5wy67w7ksy56y4fa6m0-tmux-3.6"
        },
        "x86_64-linux": {
          "outputs": [
            {
              "name": "out",
              "path": "/nix/store/aaryy6aga27r973s97ckbmalbc1ha4hl-tmux-3.6",
              "default": true
            },
            {
              "name": "man",
              "path": "/nix/store/vkz0jwnx7cg2gc48w3nijs1d3sydz9l5-tmux-3.6-man",
              "default": true
            }
          ],
          "store_path": "/nix/store/aaryy6aga27r973s97ckbmalbc1ha4hl-tmux-3.6"
        }
      }
    },
    "tree@latest": {
      "last_modified": "2026-01-23T17:20:52Z",
      "resolved": "github:NixOS/nixpkgs/a1bab9e494f5f4939442a57a58d0449a109593fe#tree",
      "source": "devbox-search",
      "version": "2.2.1",
      "systems": {
        "aarch64-darwin": {
          "outputs": [
            {
              "name": "out",
              "path": "/nix/store/7lrd7hqh3b9lvcfgr4iajdblra2qrj9m-tree-2.2.1",
              "default": true
            }
          ],
          "store_path": "/nix/store/7lrd7hqh3b9lvcfgr4iajdblra2qrj9m-tree-2.2.1"
        },
        "aarch64-linux": {
          "outputs": [
            {
              "name": "out",
              "path": "/nix/store/jf8bacvhyd43y5rf2lblh0wj6isc5qs7-tree-2.2.1",
              "default": true
            }
          ],
          "store_path": "/nix/store/jf8bacvhyd43y5rf2lblh0wj6isc5qs7-tree-2.2.1"
        },
        "x86_64-darwin": {
          "outputs": [
            {
              "name": "out",
              "path": "/nix/store/y4h7yikrixpcca5v1zv2p1cv30z8flrv-tree-2.2.1",
              "default": true
            }
          ],
          "store_path": "/nix/store/y4h7yikrixpcca5v1zv2p1cv30z8flrv-tree-2.2.1"
        },
        "x86_64-linux": {
          "outputs": [
            {
              "name": "out",
              "path": "/nix/store/r14xhqqnj9nfb7wg2by24kd70dmlxnyk-tree-2.2.1",
              "default": true
            }
          ],
          "store_path": "/nix/store/r14xhqqnj9nfb7wg2by24kd70dmlxnyk-tree-2.2.1"
        }
      }
    },
    "yazi@latest": {
      "last_modified": "2026-01-23T17:20:52Z",
      "resolved": "github:NixOS/nixpkgs/a1bab9e494f5f4939442a57a58d0449a109593fe#yazi",
      "source": "devbox-search",
      "version": "26.1.22",
      "systems": {
        "aarch64-darwin": {
          "outputs": [
            {
              "name": "out",
              "path": "/nix/store/kmxlhmcfjjba06xxb0fk4shdi5dm53a0-yazi-26.1.22",
              "default": true
            }
          ],
          "store_path": "/nix/store/kmxlhmcfjjba06xxb0fk4shdi5dm53a0-yazi-26.1.22"
        },
        "aarch64-linux": {
          "outputs": [
            {
              "name": "out",
              "path": "/nix/store/v7ml0gf70f4xabsml6ph9vf3m25mkmpp-yazi-26.1.22",
              "default": true
            }
          ],
          "store_path": "/nix/store/v7ml0gf70f4xabsml6ph9vf3m25mkmpp-yazi-26.1.22"
        },
        "x86_64-darwin": {
          "outputs": [
            {
              "name": "out",
              "path": "/nix/store/n2j8j8j2vhrfqmqp3ibdi95icsvhr3kr-yazi-26.1.22",
              "default": true
            }
          ],
          "store_path": "/nix/store/n2j8j8j2vhrfqmqp3ibdi95icsvhr3kr-yazi-26.1.22"
        },
        "x86_64-linux": {
          "outputs": [
            {
              "name": "out",
              "path": "/nix/store/v1pazjgyyq022bjvm5cjb9jxbkd9nm68-yazi-26.1.22",
              "default": true
            }
          ],
          "store_path": "/nix/store/v1pazjgyyq022bjvm5cjb9jxbkd9nm68-yazi-26.1.22"
        }
      }
    },
    "zoxide@latest": {
      "last_modified": "2026-02-01T05:13:08Z",
      "resolved": "github:NixOS/nixpkgs/207d15f1a6603226e1e223dc79ac29c7846da32e#zoxide",
      "source": "devbox-search",
      "version": "0.9.9",
      "systems": {
        "aarch64-darwin": {
          "outputs": [
            {
              "name": "out",
              "path": "/nix/store/vbk5nn0071d1mgd7y0ccr8cizch0yrpb-zoxide-0.9.9",
              "default": true
            }
          ],
          "store_path": "/nix/store/vbk5nn0071d1mgd7y0ccr8cizch0yrpb-zoxide-0.9.9"
        },
        "aarch64-linux": {
          "outputs": [
            {
              "name": "out",
              "path": "/nix/store/vz9lm8dr9lpnw5ly441lv09nl8n3ksff-zoxide-0.9.9",
              "default": true
            }
          ],
          "store_path": "/nix/store/vz9lm8dr9lpnw5ly441lv09nl8n3ksff-zoxide-0.9.9"
        },
        "x86_64-darwin": {
          "outputs": [
            {
              "name": "out",
              "path": "/nix/store/qhlys7dwr4q9gbrgqvf2xjjgkkca9qwb-zoxide-0.9.9",
              "default": true
            }
          ],
          "store_path": "/nix/store/qhlys7dwr4q9gbrgqvf2xjjgkkca9qwb-zoxide-0.9.9"
        },
        "x86_64-linux": {
          "outputs": [
            {
              "name": "out",
              "path": "/nix/store/nrfxnpgn8m6cvcgsdwhix7pd8z27vd7w-zoxide-0.9.9",
              "default": true
            }
          ],
          "store_path": "/nix/store/nrfxnpgn8m6cvcgsdwhix7pd8z27vd7w-zoxide-0.9.9"
        }
      }
    }
  }
}
